
Microsoft Visual Studio Solution File, Format Version 12.00
# Visual Studio Version 17
VisualStudioVersion = 17.0.31903.59
MinimumVisualStudioVersion = 10.0.40219.1
Project("{FAE04EC0-301F-11D3-BF4B-00C04F79EFBC}") = "Task_14", "Task_14\Task_14.csproj", "{4D34BFB4-AB2E-4104-B950-C3960C7E0516}"
EndProject
Global
	GlobalSection(SolutionConfigurationPlatforms) = preSolution
		Debug|Any CPU = Debug|Any CPU
		Release|Any CPU = Release|Any CPU
	EndGlobalSection
	GlobalSection(ProjectConfigurationPlatforms) = postSolution
		{4D34BFB4-AB2E-4104-B950-C3960C7E0516}.Debug|Any CPU.ActiveCfg = Debug|Any CPU
		{4D34BFB4-AB2E-4104-B950-C3960C7E0516}.Debug|Any CPU.Build.0 = Debug|Any CPU
		{4D34BFB4-AB2E-4104-B950-C3960C7E0516}.Release|Any CPU.ActiveCfg = Release|Any CPU
		{4D34BFB4-AB2E-4104-B950-C3960C7E0516}.Release|Any CPU.Build.0 = Release|Any CPU
	EndGlobalSection
	GlobalSection(SolutionProperties) = preSolution
		HideSolutionNode = FALSE
	EndGlobalSection
	GlobalSection(ExtensibilityGlobals) = postSolution
		SolutionGuid = {5A5D97FF-277C-4E9F-87D6-E2F396B5A089}
	EndGlobalSection
EndGlobal
